
Microsoft Visual Studio Solution File, Format Version 12.00
# Visual Studio Version 16
VisualStudioVersion = 16.0.30114.105
MinimumVisualStudioVersion = 10.0.40219.1
Project("{FAE04EC0-301F-11D3-BF4B-00C04F79EFBC}") = "DiZhuaAPI.NET", "DiZhuaAPI.NET.csproj", "{86C702DE-7A84-4170-9D0B-0715B524F3FA}"
EndProject
Global
	GlobalSection(SolutionConfigurationPlatforms) = preSolution
		Debug|Any CPU = Debug|Any CPU
		Release|Any CPU = Release|Any CPU
	EndGlobalSection
	GlobalSection(ProjectConfigurationPlatforms) = postSolution
		{86C702DE-7A84-4170-9D0B-0715B524F3FA}.Debug|Any CPU.ActiveCfg = Debug|Any CPU
		{86C702DE-7A84-4170-9D0B-0715B524F3FA}.Debug|Any CPU.Build.0 = Debug|Any CPU
		{86C702DE-7A84-4170-9D0B-0715B524F3FA}.Release|Any CPU.ActiveCfg = Release|Any CPU
		{86C702DE-7A84-4170-9D0B-0715B524F3FA}.Release|Any CPU.Build.0 = Release|Any CPU
	EndGlobalSection
	GlobalSection(SolutionProperties) = preSolution
		HideSolutionNode = FALSE
	EndGlobalSection
	GlobalSection(ExtensibilityGlobals) = postSolution
		SolutionGuid = {3698CFA2-433C-420C-B2CB-4572D6990BA2}
	EndGlobalSection
EndGlobal
